
Microsoft Visual Studio Solution File, Format Version 12.00
# Visual Studio Version 16
VisualStudioVersion = 16.0.30309.148
MinimumVisualStudioVersion = 10.0.40219.1
Project("{FAE04EC0-301F-11D3-BF4B-00C04F79EFBC}") = "HelloWorld", "HelloWorld\HelloWorld.csproj", "{A0027BED-C1D9-4EC3-BDDB-FF6F546246B2}"
EndProject
Global
	GlobalSection(SolutionConfigurationPlatforms) = preSolution
		Debug|Any CPU = Debug|Any CPU
		Release|Any CPU = Release|Any CPU
	EndGlobalSection
	GlobalSection(ProjectConfigurationPlatforms) = postSolution
		{A0027BED-C1D9-4EC3-BDDB-FF6F546246B2}.Debug|Any CPU.ActiveCfg = Debug|Any CPU
		{A0027BED-C1D9-4EC3-BDDB-FF6F546246B2}.Debug|Any CPU.Build.0 = Debug|Any CPU
		{A0027BED-C1D9-4EC3-BDDB-FF6F546246B2}.Release|Any CPU.ActiveCfg = Release|Any CPU
		{A0027BED-C1D9-4EC3-BDDB-FF6F546246B2}.Release|Any CPU.Build.0 = Release|Any CPU
	EndGlobalSection
	GlobalSection(SolutionProperties) = preSolution
		HideSolutionNode = FALSE
	EndGlobalSection
	GlobalSection(ExtensibilityGlobals) = postSolution
		SolutionGuid = {14A671D8-00CF-4700-8D88-81C652189665}
	EndGlobalSection
EndGlobal
